// !$*UTF8*$!
{
	archiveVersion = 1;
	classes = {
	};
	objectVersion = 48;
	objects = {

/* Begin PBXBuildFile section */
		12B7B4734FF6BA6E252A4486 /* Pods_AustinWeirdSocial.framework in Frameworks */ = {isa = PBXBuildFile; fileRef = 7ABFA6EF2E3AC053F5064BA4 /* Pods_AustinWeirdSocial.framework */; };
		3C26717C7570FFF3088030EB /* Pods_AustinWeirdSocialTests.framework in Frameworks */ = {isa = PBXBuildFile; fileRef = 4E49040F67FFB5FA0B116F19 /* Pods_AustinWeirdSocialTests.framework */; };
		BF0771C0233AF6FA008901D1 /* CircleView.swift in Sources */ = {isa = PBXBuildFile; fileRef = BF0771BF233AF6FA008901D1 /* CircleView.swift */; };
		BF2B65B9233301B4004AF892 /* AppDelegate.swift in Sources */ = {isa = PBXBuildFile; fileRef = BF2B65B8233301B4004AF892 /* AppDelegate.swift */; };
		BF2B65BB233301B4004AF892 /* SignInViewController.swift in Sources */ = {isa = PBXBuildFile; fileRef = BF2B65BA233301B4004AF892 /* SignInViewController.swift */; };
		BF2B65BE233301B4004AF892 /* Main.storyboard in Resources */ = {isa = PBXBuildFile; fileRef = BF2B65BC233301B4004AF892 /* Main.storyboard */; };
		BF2B65C3233301B4004AF892 /* LaunchScreen.storyboard in Resources */ = {isa = PBXBuildFile; fileRef = BF2B65C1233301B4004AF892 /* LaunchScreen.storyboard */; };
		BF2B65CE233301B5004AF892 /* AustinWeirdSocialTests.swift in Sources */ = {isa = PBXBuildFile; fileRef = BF2B65CD233301B5004AF892 /* AustinWeirdSocialTests.swift */; };
		BF2B65D923330228004AF892 /* GoogleService-Info.plist in Resources */ = {isa = PBXBuildFile; fileRef = BF2B65D823330223004AF892 /* GoogleService-Info.plist */; };
		BF2B65DA23330238004AF892 /* Info.plist in Resources */ = {isa = PBXBuildFile; fileRef = BF2B65C4233301B4004AF892 /* Info.plist */; };
		BF2DEDAB23347A6C00BE86F4 /* Assets.xcassets in Resources */ = {isa = PBXBuildFile; fileRef = BF2B65BF233301B4004AF892 /* Assets.xcassets */; };
		BF2DEDB02334884900BE86F4 /* ShadowView.swift in Sources */ = {isa = PBXBuildFile; fileRef = BF2DEDAF2334884900BE86F4 /* ShadowView.swift */; };
		BF2DEDB3233488D100BE86F4 /* Constants.swift in Sources */ = {isa = PBXBuildFile; fileRef = BF2DEDB2233488D100BE86F4 /* Constants.swift */; };
		BF2DEDB523348ABF00BE86F4 /* RoundButton.swift in Sources */ = {isa = PBXBuildFile; fileRef = BF2DEDB423348ABF00BE86F4 /* RoundButton.swift */; };
		BF2DEDB723348CD300BE86F4 /* ShadowField.swift in Sources */ = {isa = PBXBuildFile; fileRef = BF2DEDB623348CD300BE86F4 /* ShadowField.swift */; };
		BF2DEDB923348E0800BE86F4 /* ShadowButton.swift in Sources */ = {isa = PBXBuildFile; fileRef = BF2DEDB823348E0800BE86F4 /* ShadowButton.swift */; };
		BF3216C8233C9928001B9039 /* Post.swift in Sources */ = {isa = PBXBuildFile; fileRef = BF3216C7233C9928001B9039 /* Post.swift */; };
		BF49D55E233B449A00EF1E5B /* PostCell.swift in Sources */ = {isa = PBXBuildFile; fileRef = BF49D55D233B449A00EF1E5B /* PostCell.swift */; };
		BF49D561233B671F00EF1E5B /* DataServices.swift in Sources */ = {isa = PBXBuildFile; fileRef = BF49D560233B671F00EF1E5B /* DataServices.swift */; };
		BF4D8829233A4BE20037AD5E /* FeedViewController.swift in Sources */ = {isa = PBXBuildFile; fileRef = BF4D8828233A4BE20037AD5E /* FeedViewController.swift */; };
/* End PBXBuildFile section */

/* Begin PBXContainerItemProxy section */
		BF2B65CA233301B4004AF892 /* PBXContainerItemProxy */ = {
			isa = PBXContainerItemProxy;
			containerPortal = BF2B65AD233301B4004AF892 /* Project object */;
			proxyType = 1;
			remoteGlobalIDString = BF2B65B4233301B4004AF892;
			remoteInfo = AustinWeirdSocial;
		};
/* End PBXContainerItemProxy section */

/* Begin PBXFileReference section */
		1B0C4A4F0CE901A30F96D09C /* Pods-AustinWeirdSocialTests.debug.xcconfig */ = {isa = PBXFileReference; includeInIndex = 1; lastKnownFileType = text.xcconfig; name = "Pods-AustinWeirdSocialTests.debug.xcconfig"; path = "Pods/Target Support Files/Pods-AustinWeirdSocialTests/Pods-AustinWeirdSocialTests.debug.xcconfig"; sourceTree = "<group>"; };
		4E49040F67FFB5FA0B116F19 /* Pods_AustinWeirdSocialTests.framework */ = {isa = PBXFileReference; explicitFileType = wrapper.framework; includeInIndex = 0; path = Pods_AustinWeirdSocialTests.framework; sourceTree = BUILT_PRODUCTS_DIR; };
		595C242F3DC5527E4D474A2D /* Pods-AustinWeirdSocial.debug.xcconfig */ = {isa = PBXFileReference; includeInIndex = 1; lastKnownFileType = text.xcconfig; name = "Pods-AustinWeirdSocial.debug.xcconfig"; path = "Pods/Target Support Files/Pods-AustinWeirdSocial/Pods-AustinWeirdSocial.debug.xcconfig"; sourceTree = "<group>"; };
		7ABFA6EF2E3AC053F5064BA4 /* Pods_AustinWeirdSocial.framework */ = {isa = PBXFileReference; explicitFileType = wrapper.framework; includeInIndex = 0; path = Pods_AustinWeirdSocial.framework; sourceTree = BUILT_PRODUCTS_DIR; };
		A707CCA3BB3FB9F96DE1711A /* Pods-AustinWeirdSocialTests.release.xcconfig */ = {isa = PBXFileReference; includeInIndex = 1; lastKnownFileType = text.xcconfig; name = "Pods-AustinWeirdSocialTests.release.xcconfig"; path = "Pods/Target Support Files/Pods-AustinWeirdSocialTests/Pods-AustinWeirdSocialTests.release.xcconfig"; sourceTree = "<group>"; };
		BF0771BF233AF6FA008901D1 /* CircleView.swift */ = {isa = PBXFileReference; lastKnownFileType = sourcecode.swift; path = CircleView.swift; sourceTree = "<group>"; };
		BF2B65B5233301B4004AF892 /* AustinWeirdSocial.app */ = {isa = PBXFileReference; explicitFileType = wrapper.application; includeInIndex = 0; path = AustinWeirdSocial.app; sourceTree = BUILT_PRODUCTS_DIR; };
		BF2B65B8233301B4004AF892 /* AppDelegate.swift */ = {isa = PBXFileReference; lastKnownFileType = sourcecode.swift; path = AppDelegate.swift; sourceTree = "<group>"; };
		BF2B65BA233301B4004AF892 /* SignInViewController.swift */ = {isa = PBXFileReference; lastKnownFileType = sourcecode.swift; path = SignInViewController.swift; sourceTree = "<group>"; };
		BF2B65BD233301B4004AF892 /* Base */ = {isa = PBXFileReference; lastKnownFileType = file.storyboard; name = Base; path = Base.lproj/Main.storyboard; sourceTree = "<group>"; };
		BF2B65BF233301B4004AF892 /* Assets.xcassets */ = {isa = PBXFileReference; lastKnownFileType = folder.assetcatalog; path = Assets.xcassets; sourceTree = "<group>"; };
		BF2B65C2233301B4004AF892 /* Base */ = {isa = PBXFileReference; lastKnownFileType = file.storyboard; name = Base; path = Base.lproj/LaunchScreen.storyboard; sourceTree = "<group>"; };
		BF2B65C4233301B4004AF892 /* Info.plist */ = {isa = PBXFileReference; lastKnownFileType = text.plist.xml; path = Info.plist; sourceTree = "<group>"; };
		BF2B65C9233301B4004AF892 /* AustinWeirdSocialTests.xctest */ = {isa = PBXFileReference; explicitFileType = wrapper.cfbundle; includeInIndex = 0; path = AustinWeirdSocialTests.xctest; sourceTree = BUILT_PRODUCTS_DIR; };
		BF2B65CD233301B5004AF892 /* AustinWeirdSocialTests.swift */ = {isa = PBXFileReference; lastKnownFileType = sourcecode.swift; path = AustinWeirdSocialTests.swift; sourceTree = "<group>"; };
		BF2B65CF233301B5004AF892 /* Info.plist */ = {isa = PBXFileReference; lastKnownFileType = text.plist.xml; path = Info.plist; sourceTree = "<group>"; };
		BF2B65D823330223004AF892 /* GoogleService-Info.plist */ = {isa = PBXFileReference; lastKnownFileType = text.plist.xml; path = "GoogleService-Info.plist"; sourceTree = "<group>"; };
		BF2DEDAF2334884900BE86F4 /* ShadowView.swift */ = {isa = PBXFileReference; lastKnownFileType = sourcecode.swift; path = ShadowView.swift; sourceTree = "<group>"; };
		BF2DEDB2233488D100BE86F4 /* Constants.swift */ = {isa = PBXFileReference; lastKnownFileType = sourcecode.swift; path = Constants.swift; sourceTree = "<group>"; };
		BF2DEDB423348ABF00BE86F4 /* RoundButton.swift */ = {isa = PBXFileReference; lastKnownFileType = sourcecode.swift; path = RoundButton.swift; sourceTree = "<group>"; };
		BF2DEDB623348CD300BE86F4 /* ShadowField.swift */ = {isa = PBXFileReference; lastKnownFileType = sourcecode.swift; path = ShadowField.swift; sourceTree = "<group>"; };
		BF2DEDB823348E0800BE86F4 /* ShadowButton.swift */ = {isa = PBXFileReference; lastKnownFileType = sourcecode.swift; path = ShadowButton.swift; sourceTree = "<group>"; };
		BF3216C7233C9928001B9039 /* Post.swift */ = {isa = PBXFileReference; lastKnownFileType = sourcecode.swift; path = Post.swift; sourceTree = "<group>"; };
		BF49D55D233B449A00EF1E5B /* PostCell.swift */ = {isa = PBXFileReference; lastKnownFileType = sourcecode.swift; path = PostCell.swift; sourceTree = "<group>"; };
		BF49D560233B671F00EF1E5B /* DataServices.swift */ = {isa = PBXFileReference; lastKnownFileType = sourcecode.swift; path = DataServices.swift; sourceTree = "<group>"; };
		BF4D8828233A4BE20037AD5E /* FeedViewController.swift */ = {isa = PBXFileReference; lastKnownFileType = sourcecode.swift; path = FeedViewController.swift; sourceTree = "<group>"; };
		BF845CEAB999BF39F9646D29 /* Pods-AustinWeirdSocial.release.xcconfig */ = {isa = PBXFileReference; includeInIndex = 1; lastKnownFileType = text.xcconfig; name = "Pods-AustinWeirdSocial.release.xcconfig"; path = "Pods/Target Support Files/Pods-AustinWeirdSocial/Pods-AustinWeirdSocial.release.xcconfig"; sourceTree = "<group>"; };
/* End PBXFileReference section */

/* Begin PBXFrameworksBuildPhase section */
		BF2B65B2233301B4004AF892 /* Frameworks */ = {
			isa = PBXFrameworksBuildPhase;
			buildActionMask = 2147483647;
			files = (
				12B7B4734FF6BA6E252A4486 /* Pods_AustinWeirdSocial.framework in Frameworks */,
			);
			runOnlyForDeploymentPostprocessing = 0;
		};
		BF2B65C6233301B4004AF892 /* Frameworks */ = {
			isa = PBXFrameworksBuildPhase;
			buildActionMask = 2147483647;
			files = (
				3C26717C7570FFF3088030EB /* Pods_AustinWeirdSocialTests.framework in Frameworks */,
			);
			runOnlyForDeploymentPostprocessing = 0;
		};
/* End PBXFrameworksBuildPhase section */

/* Begin PBXGroup section */
		517E433FDE53F35C2EA093CA /* Pods */ = {
			isa = PBXGroup;
			children = (
				595C242F3DC5527E4D474A2D /* Pods-AustinWeirdSocial.debug.xcconfig */,
				BF845CEAB999BF39F9646D29 /* Pods-AustinWeirdSocial.release.xcconfig */,
				1B0C4A4F0CE901A30F96D09C /* Pods-AustinWeirdSocialTests.debug.xcconfig */,
				A707CCA3BB3FB9F96DE1711A /* Pods-AustinWeirdSocialTests.release.xcconfig */,
			);
			name = Pods;
			sourceTree = "<group>";
		};
		BF2B65AC233301B4004AF892 = {
			isa = PBXGroup;
			children = (
				BF2B65B7233301B4004AF892 /* AustinWeirdSocial */,
				BF2B65CC233301B5004AF892 /* AustinWeirdSocialTests */,
				BF2B65B6233301B4004AF892 /* Products */,
				517E433FDE53F35C2EA093CA /* Pods */,
				D9223DC0C760D5DDC51A638A /* Frameworks */,
			);
			sourceTree = "<group>";
		};
		BF2B65B6233301B4004AF892 /* Products */ = {
			isa = PBXGroup;
			children = (
				BF2B65B5233301B4004AF892 /* AustinWeirdSocial.app */,
				BF2B65C9233301B4004AF892 /* AustinWeirdSocialTests.xctest */,
			);
			name = Products;
			sourceTree = "<group>";
		};
		BF2B65B7233301B4004AF892 /* AustinWeirdSocial */ = {
			isa = PBXGroup;
			children = (
				BF49D55F233B670800EF1E5B /* Services */,
				BF2DEDB1233488BF00BE86F4 /* Util */,
				BF2DEDAE2334880100BE86F4 /* Controller */,
				BF2DEDAD233487F900BE86F4 /* View */,
				BF2DEDAC233487F000BE86F4 /* Model */,
				BF2B65B8233301B4004AF892 /* AppDelegate.swift */,
				BF2B65BC233301B4004AF892 /* Main.storyboard */,
				BF2B65BF233301B4004AF892 /* Assets.xcassets */,
				BF2B65C1233301B4004AF892 /* LaunchScreen.storyboard */,
				BF2B65D823330223004AF892 /* GoogleService-Info.plist */,
				BF2B65C4233301B4004AF892 /* Info.plist */,
			);
			path = AustinWeirdSocial;
			sourceTree = "<group>";
		};
		BF2B65CC233301B5004AF892 /* AustinWeirdSocialTests */ = {
			isa = PBXGroup;
			children = (
				BF2B65CD233301B5004AF892 /* AustinWeirdSocialTests.swift */,
				BF2B65CF233301B5004AF892 /* Info.plist */,
			);
			path = AustinWeirdSocialTests;
			sourceTree = "<group>";
		};
		BF2DEDAC233487F000BE86F4 /* Model */ = {
			isa = PBXGroup;
			children = (
				BF3216C7233C9928001B9039 /* Post.swift */,
			);
			path = Model;
			sourceTree = "<group>";
		};
		BF2DEDAD233487F900BE86F4 /* View */ = {
			isa = PBXGroup;
			children = (
				BF2DEDAF2334884900BE86F4 /* ShadowView.swift */,
				BF2DEDB423348ABF00BE86F4 /* RoundButton.swift */,
				BF2DEDB623348CD300BE86F4 /* ShadowField.swift */,
				BF2DEDB823348E0800BE86F4 /* ShadowButton.swift */,
				BF0771BF233AF6FA008901D1 /* CircleView.swift */,
				BF49D55D233B449A00EF1E5B /* PostCell.swift */,
			);
			path = View;
			sourceTree = "<group>";
		};
		BF2DEDAE2334880100BE86F4 /* Controller */ = {
			isa = PBXGroup;
			children = (
				BF2B65BA233301B4004AF892 /* SignInViewController.swift */,
				BF4D8828233A4BE20037AD5E /* FeedViewController.swift */,
			);
			path = Controller;
			sourceTree = "<group>";
		};
		BF2DEDB1233488BF00BE86F4 /* Util */ = {
			isa = PBXGroup;
			children = (
				BF2DEDB2233488D100BE86F4 /* Constants.swift */,
			);
			path = Util;
			sourceTree = "<group>";
		};
		BF49D55F233B670800EF1E5B /* Services */ = {
			isa = PBXGroup;
			children = (
				BF49D560233B671F00EF1E5B /* DataServices.swift */,
			);
			path = Services;
			sourceTree = "<group>";
		};
		D9223DC0C760D5DDC51A638A /* Frameworks */ = {
			isa = PBXGroup;
			children = (
				7ABFA6EF2E3AC053F5064BA4 /* Pods_AustinWeirdSocial.framework */,
				4E49040F67FFB5FA0B116F19 /* Pods_AustinWeirdSocialTests.framework */,
			);
			name = Frameworks;
			sourceTree = "<group>";
		};
/* End PBXGroup section */

/* Begin PBXNativeTarget section */
		BF2B65B4233301B4004AF892 /* AustinWeirdSocial */ = {
			isa = PBXNativeTarget;
			buildConfigurationList = BF2B65D2233301B5004AF892 /* Build configuration list for PBXNativeTarget "AustinWeirdSocial" */;
			buildPhases = (
				30B7261BA3DB3FB3BC5939C1 /* [CP] Check Pods Manifest.lock */,
				BF2B65B1233301B4004AF892 /* Sources */,
				BF2B65B2233301B4004AF892 /* Frameworks */,
				BF2B65B3233301B4004AF892 /* Resources */,
				6FC7CD54801FC35CAE81CBDD /* [CP] Embed Pods Frameworks */,
			);
			buildRules = (
			);
			dependencies = (
			);
			name = AustinWeirdSocial;
			productName = AustinWeirdSocial;
			productReference = BF2B65B5233301B4004AF892 /* AustinWeirdSocial.app */;
			productType = "com.apple.product-type.application";
		};
		BF2B65C8233301B4004AF892 /* AustinWeirdSocialTests */ = {
			isa = PBXNativeTarget;
			buildConfigurationList = BF2B65D5233301B5004AF892 /* Build configuration list for PBXNativeTarget "AustinWeirdSocialTests" */;
			buildPhases = (
				ACA1C2DC42159E2DAEA18EEF /* [CP] Check Pods Manifest.lock */,
				BF2B65C5233301B4004AF892 /* Sources */,
				BF2B65C6233301B4004AF892 /* Frameworks */,
				BF2B65C7233301B4004AF892 /* Resources */,
			);
			buildRules = (
			);
			dependencies = (
				BF2B65CB233301B4004AF892 /* PBXTargetDependency */,
			);
			name = AustinWeirdSocialTests;
			productName = AustinWeirdSocialTests;
			productReference = BF2B65C9233301B4004AF892 /* AustinWeirdSocialTests.xctest */;
			productType = "com.apple.product-type.bundle.unit-test";
		};
/* End PBXNativeTarget section */

/* Begin PBXProject section */
		BF2B65AD233301B4004AF892 /* Project object */ = {
			isa = PBXProject;
			attributes = {
				LastSwiftUpdateCheck = 0900;
				LastUpgradeCheck = 0900;
				ORGANIZATIONNAME = "Luis Santos";
				TargetAttributes = {
					BF2B65B4233301B4004AF892 = {
						CreatedOnToolsVersion = 9.0;
						ProvisioningStyle = Automatic;
					};
					BF2B65C8233301B4004AF892 = {
						CreatedOnToolsVersion = 9.0;
						ProvisioningStyle = Automatic;
						TestTargetID = BF2B65B4233301B4004AF892;
					};
				};
			};
			buildConfigurationList = BF2B65B0233301B4004AF892 /* Build configuration list for PBXProject "AustinWeirdSocial" */;
			compatibilityVersion = "Xcode 8.0";
			developmentRegion = en;
			hasScannedForEncodings = 0;
			knownRegions = (
				en,
				Base,
			);
			mainGroup = BF2B65AC233301B4004AF892;
			productRefGroup = BF2B65B6233301B4004AF892 /* Products */;
			projectDirPath = "";
			projectRoot = "";
			targets = (
				BF2B65B4233301B4004AF892 /* AustinWeirdSocial */,
				BF2B65C8233301B4004AF892 /* AustinWeirdSocialTests */,
			);
		};
/* End PBXProject section */

/* Begin PBXResourcesBuildPhase section */
		BF2B65B3233301B4004AF892 /* Resources */ = {
			isa = PBXResourcesBuildPhase;
			buildActionMask = 2147483647;
			files = (
				BF2B65C3233301B4004AF892 /* LaunchScreen.storyboard in Resources */,
				BF2B65D923330228004AF892 /* GoogleService-Info.plist in Resources */,
				BF2B65DA23330238004AF892 /* Info.plist in Resources */,
				BF2B65BE233301B4004AF892 /* Main.storyboard in Resources */,
				BF2DEDAB23347A6C00BE86F4 /* Assets.xcassets in Resources */,
			);
			runOnlyForDeploymentPostprocessing = 0;
		};
		BF2B65C7233301B4004AF892 /* Resources */ = {
			isa = PBXResourcesBuildPhase;
			buildActionMask = 2147483647;
			files = (
			);
			runOnlyForDeploymentPostprocessing = 0;
		};
/* End PBXResourcesBuildPhase section */

/* Begin PBXShellScriptBuildPhase section */
		30B7261BA3DB3FB3BC5939C1 /* [CP] Check Pods Manifest.lock */ = {
			isa = PBXShellScriptBuildPhase;
			buildActionMask = 2147483647;
			files = (
			);
			inputPaths = (
				"${PODS_PODFILE_DIR_PATH}/Podfile.lock",
				"${PODS_ROOT}/Manifest.lock",
			);
			name = "[CP] Check Pods Manifest.lock";
			outputPaths = (
				"$(DERIVED_FILE_DIR)/Pods-AustinWeirdSocial-checkManifestLockResult.txt",
			);
			runOnlyForDeploymentPostprocessing = 0;
			shellPath = /bin/sh;
			shellScript = "diff \"${PODS_PODFILE_DIR_PATH}/Podfile.lock\" \"${PODS_ROOT}/Manifest.lock\" > /dev/null\nif [ $? != 0 ] ; then\n    # print error to STDERR\n    echo \"error: The sandbox is not in sync with the Podfile.lock. Run 'pod install' or update your CocoaPods installation.\" >&2\n    exit 1\nfi\n# This output is used by Xcode 'outputs' to avoid re-running this script phase.\necho \"SUCCESS\" > \"${SCRIPT_OUTPUT_FILE_0}\"\n";
			showEnvVarsInLog = 0;
		};
		6FC7CD54801FC35CAE81CBDD /* [CP] Embed Pods Frameworks */ = {
			isa = PBXShellScriptBuildPhase;
			buildActionMask = 2147483647;
			files = (
			);
			inputPaths = (
				"${SRCROOT}/Pods/Target Support Files/Pods-AustinWeirdSocial/Pods-AustinWeirdSocial-frameworks.sh",
				"${BUILT_PRODUCTS_DIR}/Bolts/Bolts.framework",
				"${BUILT_PRODUCTS_DIR}/FBSDKCoreKit/FBSDKCoreKit.framework",
				"${BUILT_PRODUCTS_DIR}/FBSDKLoginKit/FBSDKLoginKit.framework",
				"${BUILT_PRODUCTS_DIR}/GTMSessionFetcher/GTMSessionFetcher.framework",
				"${BUILT_PRODUCTS_DIR}/GoogleUtilities/GoogleUtilities.framework",
				"${BUILT_PRODUCTS_DIR}/SwiftKeychainWrapper/SwiftKeychainWrapper.framework",
				"${BUILT_PRODUCTS_DIR}/leveldb-library/leveldb.framework",
				"${BUILT_PRODUCTS_DIR}/nanopb/nanopb.framework",
			);
			name = "[CP] Embed Pods Frameworks";
			outputPaths = (
				"${TARGET_BUILD_DIR}/${FRAMEWORKS_FOLDER_PATH}/Bolts.framework",
				"${TARGET_BUILD_DIR}/${FRAMEWORKS_FOLDER_PATH}/FBSDKCoreKit.framework",
				"${TARGET_BUILD_DIR}/${FRAMEWORKS_FOLDER_PATH}/FBSDKLoginKit.framework",
				"${TARGET_BUILD_DIR}/${FRAMEWORKS_FOLDER_PATH}/GTMSessionFetcher.framework",
				"${TARGET_BUILD_DIR}/${FRAMEWORKS_FOLDER_PATH}/GoogleUtilities.framework",
				"${TARGET_BUILD_DIR}/${FRAMEWORKS_FOLDER_PATH}/SwiftKeychainWrapper.framework",
				"${TARGET_BUILD_DIR}/${FRAMEWORKS_FOLDER_PATH}/leveldb.framework",
				"${TARGET_BUILD_DIR}/${FRAMEWORKS_FOLDER_PATH}/nanopb.framework",
			);
			runOnlyForDeploymentPostprocessing = 0;
			shellPath = /bin/sh;
			shellScript = "\"${SRCROOT}/Pods/Target Support Files/Pods-AustinWeirdSocial/Pods-AustinWeirdSocial-frameworks.sh\"\n";
			showEnvVarsInLog = 0;
		};
		ACA1C2DC42159E2DAEA18EEF /* [CP] Check Pods Manifest.lock */ = {
			isa = PBXShellScriptBuildPhase;
			buildActionMask = 2147483647;
			files = (
			);
			inputPaths = (
				"${PODS_PODFILE_DIR_PATH}/Podfile.lock",
				"${PODS_ROOT}/Manifest.lock",
			);
			name = "[CP] Check Pods Manifest.lock";
			outputPaths = (
				"$(DERIVED_FILE_DIR)/Pods-AustinWeirdSocialTests-checkManifestLockResult.txt",
			);
			runOnlyForDeploymentPostprocessing = 0;
			shellPath = /bin/sh;
			shellScript = "diff \"${PODS_PODFILE_DIR_PATH}/Podfile.lock\" \"${PODS_ROOT}/Manifest.lock\" > /dev/null\nif [ $? != 0 ] ; then\n    # print error to STDERR\n    echo \"error: The sandbox is not in sync with the Podfile.lock. Run 'pod install' or update your CocoaPods installation.\" >&2\n    exit 1\nfi\n# This output is used by Xcode 'outputs' to avoid re-running this script phase.\necho \"SUCCESS\" > \"${SCRIPT_OUTPUT_FILE_0}\"\n";
			showEnvVarsInLog = 0;
		};
/* End PBXShellScriptBuildPhase section */

/* Begin PBXSourcesBuildPhase section */
		BF2B65B1233301B4004AF892 /* Sources */ = {
			isa = PBXSourcesBuildPhase;
			buildActionMask = 2147483647;
			files = (
				BF0771C0233AF6FA008901D1 /* CircleView.swift in Sources */,
				BF2DEDB02334884900BE86F4 /* ShadowView.swift in Sources */,
				BF2DEDB523348ABF00BE86F4 /* RoundButton.swift in Sources */,
				BF3216C8233C9928001B9039 /* Post.swift in Sources */,
				BF2DEDB723348CD300BE86F4 /* ShadowField.swift in Sources */,
				BF2B65BB233301B4004AF892 /* SignInViewController.swift in Sources */,
				BF49D561233B671F00EF1E5B /* DataServices.swift in Sources */,
				BF2B65B9233301B4004AF892 /* AppDelegate.swift in Sources */,
				BF2DEDB923348E0800BE86F4 /* ShadowButton.swift in Sources */,
				BF4D8829233A4BE20037AD5E /* FeedViewController.swift in Sources */,
				BF2DEDB3233488D100BE86F4 /* Constants.swift in Sources */,
				BF49D55E233B449A00EF1E5B /* PostCell.swift in Sources */,
			);
			runOnlyForDeploymentPostprocessing = 0;
		};
		BF2B65C5233301B4004AF892 /* Sources */ = {
			isa = PBXSourcesBuildPhase;
			buildActionMask = 2147483647;
			files = (
				BF2B65CE233301B5004AF892 /* AustinWeirdSocialTests.swift in Sources */,
			);
			runOnlyForDeploymentPostprocessing = 0;
		};
/* End PBXSourcesBuildPhase section */

/* Begin PBXTargetDependency section */
		BF2B65CB233301B4004AF892 /* PBXTargetDependency */ = {
			isa = PBXTargetDependency;
			target = BF2B65B4233301B4004AF892 /* AustinWeirdSocial */;
			targetProxy = BF2B65CA233301B4004AF892 /* PBXContainerItemProxy */;
		};
/* End PBXTargetDependency section */

/* Begin PBXVariantGroup section */
		BF2B65BC233301B4004AF892 /* Main.storyboard */ = {
			isa = PBXVariantGroup;
			children = (
				BF2B65BD233301B4004AF892 /* Base */,
			);
			name = Main.storyboard;
			sourceTree = "<group>";
		};
		BF2B65C1233301B4004AF892 /* LaunchScreen.storyboard */ = {
			isa = PBXVariantGroup;
			children = (
				BF2B65C2233301B4004AF892 /* Base */,
			);
			name = LaunchScreen.storyboard;
			sourceTree = "<group>";
		};
/* End PBXVariantGroup section */

/* Begin XCBuildConfiguration section */
		BF2B65D0233301B5004AF892 /* Debug */ = {
			isa = XCBuildConfiguration;
			buildSettings = {
				ALWAYS_SEARCH_USER_PATHS = NO;
				CLANG_ANALYZER_NONNULL = YES;
				CLANG_ANALYZER_NUMBER_OBJECT_CONVERSION = YES_AGGRESSIVE;
				CLANG_CXX_LANGUAGE_STANDARD = "gnu++14";
				CLANG_CXX_LIBRARY = "libc++";
				CLANG_ENABLE_MODULES = YES;
				CLANG_ENABLE_OBJC_ARC = YES;
				CLANG_WARN_BLOCK_CAPTURE_AUTORELEASING = YES;
				CLANG_WARN_BOOL_CONVERSION = YES;
				CLANG_WARN_COMMA = YES;
				CLANG_WARN_CONSTANT_CONVERSION = YES;
				CLANG_WARN_DIRECT_OBJC_ISA_USAGE = YES_ERROR;
				CLANG_WARN_DOCUMENTATION_COMMENTS = YES;
				CLANG_WARN_EMPTY_BODY = YES;
				CLANG_WARN_ENUM_CONVERSION = YES;
				CLANG_WARN_INFINITE_RECURSION = YES;
				CLANG_WARN_INT_CONVERSION = YES;
				CLANG_WARN_NON_LITERAL_NULL_CONVERSION = YES;
				CLANG_WARN_OBJC_LITERAL_CONVERSION = YES;
				CLANG_WARN_OBJC_ROOT_CLASS = YES_ERROR;
				CLANG_WARN_RANGE_LOOP_ANALYSIS = YES;
				CLANG_WARN_STRICT_PROTOTYPES = YES;
				CLANG_WARN_SUSPICIOUS_MOVE = YES;
				CLANG_WARN_UNGUARDED_AVAILABILITY = YES_AGGRESSIVE;
				CLANG_WARN_UNREACHABLE_CODE = YES;
				CLANG_WARN__DUPLICATE_METHOD_MATCH = YES;
				CODE_SIGN_IDENTITY = "iPhone Developer";
				COPY_PHASE_STRIP = NO;
				DEBUG_INFORMATION_FORMAT = dwarf;
				ENABLE_STRICT_OBJC_MSGSEND = YES;
				ENABLE_TESTABILITY = YES;
				GCC_C_LANGUAGE_STANDARD = gnu11;
				GCC_DYNAMIC_NO_PIC = NO;
				GCC_NO_COMMON_BLOCKS = YES;
				GCC_OPTIMIZATION_LEVEL = 0;
				GCC_PREPROCESSOR_DEFINITIONS = (
					"DEBUG=1",
					"$(inherited)",
				);
				GCC_WARN_64_TO_32_BIT_CONVERSION = YES;
				GCC_WARN_ABOUT_RETURN_TYPE = YES_ERROR;
				GCC_WARN_UNDECLARED_SELECTOR = YES;
				GCC_WARN_UNINITIALIZED_AUTOS = YES_AGGRESSIVE;
				GCC_WARN_UNUSED_FUNCTION = YES;
				GCC_WARN_UNUSED_VARIABLE = YES;
				IPHONEOS_DEPLOYMENT_TARGET = 11.0;
				MTL_ENABLE_DEBUG_INFO = YES;
				ONLY_ACTIVE_ARCH = YES;
				SDKROOT = iphoneos;
				SWIFT_ACTIVE_COMPILATION_CONDITIONS = DEBUG;
				SWIFT_OPTIMIZATION_LEVEL = "-Onone";
			};
			name = Debug;
		};
		BF2B65D1233301B5004AF892 /* Release */ = {
			isa = XCBuildConfiguration;
			buildSettings = {
				ALWAYS_SEARCH_USER_PATHS = NO;
				CLANG_ANALYZER_NONNULL = YES;
				CLANG_ANALYZER_NUMBER_OBJECT_CONVERSION = YES_AGGRESSIVE;
				CLANG_CXX_LANGUAGE_STANDARD = "gnu++14";
				CLANG_CXX_LIBRARY = "libc++";
				CLANG_ENABLE_MODULES = YES;
				CLANG_ENABLE_OBJC_ARC = YES;
				CLANG_WARN_BLOCK_CAPTURE_AUTORELEASING = YES;
				CLANG_WARN_BOOL_CONVERSION = YES;
				CLANG_WARN_COMMA = YES;
				CLANG_WARN_CONSTANT_CONVERSION = YES;
				CLANG_WARN_DIRECT_OBJC_ISA_USAGE = YES_ERROR;
				CLANG_WARN_DOCUMENTATION_COMMENTS = YES;
				CLANG_WARN_EMPTY_BODY = YES;
				CLANG_WARN_ENUM_CONVERSION = YES;
				CLANG_WARN_INFINITE_RECURSION = YES;
				CLANG_WARN_INT_CONVERSION = YES;
				CLANG_WARN_NON_LITERAL_NULL_CONVERSION = YES;
				CLANG_WARN_OBJC_LITERAL_CONVERSION = YES;
				CLANG_WARN_OBJC_ROOT_CLASS = YES_ERROR;
				CLANG_WARN_RANGE_LOOP_ANALYSIS = YES;
				CLANG_WARN_STRICT_PROTOTYPES = YES;
				CLANG_WARN_SUSPICIOUS_MOVE = YES;
				CLANG_WARN_UNGUARDED_AVAILABILITY = YES_AGGRESSIVE;
				CLANG_WARN_UNREACHABLE_CODE = YES;
				CLANG_WARN__DUPLICATE_METHOD_MATCH = YES;
				CODE_SIGN_IDENTITY = "iPhone Developer";
				COPY_PHASE_STRIP = NO;
				DEBUG_INFORMATION_FORMAT = "dwarf-with-dsym";
				ENABLE_NS_ASSERTIONS = NO;
				ENABLE_STRICT_OBJC_MSGSEND = YES;
				GCC_C_LANGUAGE_STANDARD = gnu11;
				GCC_NO_COMMON_BLOCKS = YES;
				GCC_WARN_64_TO_32_BIT_CONVERSION = YES;
				GCC_WARN_ABOUT_RETURN_TYPE = YES_ERROR;
				GCC_WARN_UNDECLARED_SELECTOR = YES;
				GCC_WARN_UNINITIALIZED_AUTOS = YES_AGGRESSIVE;
				GCC_WARN_UNUSED_FUNCTION = YES;
				GCC_WARN_UNUSED_VARIABLE = YES;
				IPHONEOS_DEPLOYMENT_TARGET = 11.0;
				MTL_ENABLE_DEBUG_INFO = NO;
				SDKROOT = iphoneos;
				SWIFT_OPTIMIZATION_LEVEL = "-Owholemodule";
				VALIDATE_PRODUCT = YES;
			};
			name = Release;
		};
		BF2B65D3233301B5004AF892 /* Debug */ = {
			isa = XCBuildConfiguration;
			baseConfigurationReference = 595C242F3DC5527E4D474A2D /* Pods-AustinWeirdSocial.debug.xcconfig */;
			buildSettings = {
				ASSETCATALOG_COMPILER_APPICON_NAME = AppIcon;
				CODE_SIGN_STYLE = Automatic;
				INFOPLIST_FILE = AustinWeirdSocial/Info.plist;
				LD_RUNPATH_SEARCH_PATHS = "$(inherited) @executable_path/Frameworks";
				PRODUCT_BUNDLE_IDENTIFIER = com.lfsantos.AustinWeirdSocial;
				PRODUCT_NAME = "$(TARGET_NAME)";
				SWIFT_VERSION = 4.0;
				TARGETED_DEVICE_FAMILY = "1,2";
			};
			name = Debug;
		};
		BF2B65D4233301B5004AF892 /* Release */ = {
			isa = XCBuildConfiguration;
			baseConfigurationReference = BF845CEAB999BF39F9646D29 /* Pods-AustinWeirdSocial.release.xcconfig */;
			buildSettings = {
				ASSETCATALOG_COMPILER_APPICON_NAME = AppIcon;
				CODE_SIGN_STYLE = Automatic;
				INFOPLIST_FILE = AustinWeirdSocial/Info.plist;
				LD_RUNPATH_SEARCH_PATHS = "$(inherited) @executable_path/Frameworks";
				PRODUCT_BUNDLE_IDENTIFIER = com.lfsantos.AustinWeirdSocial;
				PRODUCT_NAME = "$(TARGET_NAME)";
				SWIFT_VERSION = 4.0;
				TARGETED_DEVICE_FAMILY = "1,2";
			};
			name = Release;
		};
		BF2B65D6233301B5004AF892 /* Debug */ = {
			isa = XCBuildConfiguration;
			baseConfigurationReference = 1B0C4A4F0CE901A30F96D09C /* Pods-AustinWeirdSocialTests.debug.xcconfig */;
			buildSettings = {
				ALWAYS_EMBED_SWIFT_STANDARD_LIBRARIES = YES;
				BUNDLE_LOADER = "$(TEST_HOST)";
				CODE_SIGN_STYLE = Automatic;
				INFOPLIST_FILE = AustinWeirdSocialTests/Info.plist;
				LD_RUNPATH_SEARCH_PATHS = "$(inherited) @executable_path/Frameworks @loader_path/Frameworks";
				PRODUCT_BUNDLE_IDENTIFIER = com.lfsantos.AustinWeirdSocialTests;
				PRODUCT_NAME = "$(TARGET_NAME)";
				SWIFT_VERSION = 4.0;
				TARGETED_DEVICE_FAMILY = "1,2";
				TEST_HOST = "$(BUILT_PRODUCTS_DIR)/AustinWeirdSocial.app/AustinWeirdSocial";
			};
			name = Debug;
		};
		BF2B65D7233301B5004AF892 /* Release */ = {
			isa = XCBuildConfiguration;
			baseConfigurationReference = A707CCA3BB3FB9F96DE1711A /* Pods-AustinWeirdSocialTests.release.xcconfig */;
			buildSettings = {
				ALWAYS_EMBED_SWIFT_STANDARD_LIBRARIES = YES;
				BUNDLE_LOADER = "$(TEST_HOST)";
				CODE_SIGN_STYLE = Automatic;
				INFOPLIST_FILE = AustinWeirdSocialTests/Info.plist;
				LD_RUNPATH_SEARCH_PATHS = "$(inherited) @executable_path/Frameworks @loader_path/Frameworks";
				PRODUCT_BUNDLE_IDENTIFIER = com.lfsantos.AustinWeirdSocialTests;
				PRODUCT_NAME = "$(TARGET_NAME)";
				SWIFT_VERSION = 4.0;
				TARGETED_DEVICE_FAMILY = "1,2";
				TEST_HOST = "$(BUILT_PRODUCTS_DIR)/AustinWeirdSocial.app/AustinWeirdSocial";
			};
			name = Release;
		};
/* End XCBuildConfiguration section */

/* Begin XCConfigurationList section */
		BF2B65B0233301B4004AF892 /* Build configuration list for PBXProject "AustinWeirdSocial" */ = {
			isa = XCConfigurationList;
			buildConfigurations = (
				BF2B65D0233301B5004AF892 /* Debug */,
				BF2B65D1233301B5004AF892 /* Release */,
			);
			defaultConfigurationIsVisible = 0;
			defaultConfigurationName = Release;
		};
		BF2B65D2233301B5004AF892 /* Build configuration list for PBXNativeTarget "AustinWeirdSocial" */ = {
			isa = XCConfigurationList;
			buildConfigurations = (
				BF2B65D3233301B5004AF892 /* Debug */,
				BF2B65D4233301B5004AF892 /* Release */,
			);
			defaultConfigurationIsVisible = 0;
			defaultConfigurationName = Release;
		};
		BF2B65D5233301B5004AF892 /* Build configuration list for PBXNativeTarget "AustinWeirdSocialTests" */ = {
			isa = XCConfigurationList;
			buildConfigurations = (
				BF2B65D6233301B5004AF892 /* Debug */,
				BF2B65D7233301B5004AF892 /* Release */,
			);
			defaultConfigurationIsVisible = 0;
			defaultConfigurationName = Release;
		};
/* End XCConfigurationList section */
	};
	rootObject = BF2B65AD233301B4004AF892 /* Project object */;
}
